hash: f32e1bf5eaeadd37fcbf3a9cefc889631225f166387c28fe6e6d4787f34a362c
updated: 2016-08-06T22:57:35.203181877+02:00
imports:
- name: github.com/chzyer/readline
  version: 62c6fe6193755f722b8b8788aa7357be55a50ff1
- name: github.com/fatih/color
  version: 87d4004f2ab62d0d255e0a38f1680aa534549fe3
- name: github.com/glenn-brown/golang-pkg-pcre
  version: 48bb82a8b8ceea98f4e97825b43870f6ba1970d6
  subpackages:
  - src/pkg/pcre
- name: github.com/inconshreveable/mousetrap
  version: 76626ae9c91c4f2a10f34cad8ce83ea42c93bb75
- name: github.com/mattn/go-colorable
  version: ed8eb9e318d7a84ce5915b495b7d35e0cfe7b5a8
- name: github.com/mattn/go-isatty
  version: 66b8e73f3f5cda9f96b69efd03dd3d7fc4a5cdb8
- name: github.com/mattn/go-sqlite3
  version: 38ee283dabf11c9cbdb968eebd79b1fa7acbabe6
- name: github.com/satori/go.uuid
  version: f9ab0dce87d815821e221626b772e3475a0d2749
- name: github.com/Sirupsen/logrus
  version: f3cfb454f4c209e6668c95216c4744b8fddb2356
- name: github.com/spf13/cobra
  version: f447048345b64b3247b29a679a14bd0da12c7f2f
- name: github.com/spf13/pflag
  version: cb88ea77998c3f024757528e3305022ab50b43be
- name: github.com/spf13/viper
  version: d8a428b8a30606e1d0b355d91edf282609ade1a6
- name: github.com/stretchr/testify
  version: f390dcf405f7b83c997eac1b06768bb9f44dec18
  subpackages:
  - assert
- name: golang.org/x/sys
  version: a646d33e2ee3172a661fc09bca23bb4889a41bc8
  subpackages:
  - unix
devImports: []
